
Microsoft Visual Studio Solution File, Format Version 12.00
# Visual Studio Version 16
VisualStudioVersion = 16.0.29911.84
MinimumVisualStudioVersion = 10.0.40219.1
Project("{FAE04EC0-301F-11D3-BF4B-00C04F79EFBC}") = "Program", "Program.csproj", "{46A66E67-BC55-4194-B2BB-1E9D1B5C2F31}"
EndProject
Project("{FAE04EC0-301F-11D3-BF4B-00C04F79EFBC}") = "TSES", "..\TSES\TSES.csproj", "{3843E4F8-A2AB-4EE9-981F-5B1DE8089ECD}"
EndProject
Global
	GlobalSection(SolutionConfigurationPlatforms) = preSolution
		Debug|Any CPU = Debug|Any CPU
		Release|Any CPU = Release|Any CPU
	EndGlobalSection
	GlobalSection(ProjectConfigurationPlatforms) = postSolution
		{46A66E67-BC55-4194-B2BB-1E9D1B5C2F31}.Debug|Any CPU.ActiveCfg = Debug|Any CPU
		{46A66E67-BC55-4194-B2BB-1E9D1B5C2F31}.Debug|Any CPU.Build.0 = Debug|Any CPU
		{46A66E67-BC55-4194-B2BB-1E9D1B5C2F31}.Release|Any CPU.ActiveCfg = Release|Any CPU
		{46A66E67-BC55-4194-B2BB-1E9D1B5C2F31}.Release|Any CPU.Build.0 = Release|Any CPU
		{3843E4F8-A2AB-4EE9-981F-5B1DE8089ECD}.Debug|Any CPU.ActiveCfg = Debug|Any CPU
		{3843E4F8-A2AB-4EE9-981F-5B1DE8089ECD}.Debug|Any CPU.Build.0 = Debug|Any CPU
		{3843E4F8-A2AB-4EE9-981F-5B1DE8089ECD}.Release|Any CPU.ActiveCfg = Release|Any CPU
		{3843E4F8-A2AB-4EE9-981F-5B1DE8089ECD}.Release|Any CPU.Build.0 = Release|Any CPU
	EndGlobalSection
	GlobalSection(SolutionProperties) = preSolution
		HideSolutionNode = FALSE
	EndGlobalSection
	GlobalSection(ExtensibilityGlobals) = postSolution
		SolutionGuid = {D02A744A-C6F9-4612-9802-0D9B02DF5347}
	EndGlobalSection
EndGlobal
