
Microsoft Visual Studio Solution File, Format Version 12.00
# Visual Studio Version 16
VisualStudioVersion = 16.0.29911.84
MinimumVisualStudioVersion = 10.0.40219.1
Project("{FAE04EC0-301F-11D3-BF4B-00C04F79EFBC}") = "Zombie", "Zombie\Zombie.csproj", "{81575594-CED0-4161-994F-D062311964F5}"
EndProject
Global
	GlobalSection(SolutionConfigurationPlatforms) = preSolution
		Debug|Any CPU = Debug|Any CPU
		Release|Any CPU = Release|Any CPU
	EndGlobalSection
	GlobalSection(ProjectConfigurationPlatforms) = postSolution
		{81575594-CED0-4161-994F-D062311964F5}.Debug|Any CPU.ActiveCfg = Debug|Any CPU
		{81575594-CED0-4161-994F-D062311964F5}.Debug|Any CPU.Build.0 = Debug|Any CPU
		{81575594-CED0-4161-994F-D062311964F5}.Release|Any CPU.ActiveCfg = Release|Any CPU
		{81575594-CED0-4161-994F-D062311964F5}.Release|Any CPU.Build.0 = Release|Any CPU
	EndGlobalSection
	GlobalSection(SolutionProperties) = preSolution
		HideSolutionNode = FALSE
	EndGlobalSection
	GlobalSection(ExtensibilityGlobals) = postSolution
		SolutionGuid = {EB319C15-6274-4F2D-AC3F-4219F7EEC121}
	EndGlobalSection
EndGlobal
