
Microsoft Visual Studio Solution File, Format Version 12.00
# Visual Studio Version 16
VisualStudioVersion = 16.0.29911.84
MinimumVisualStudioVersion = 10.0.40219.1
Project("{FAE04EC0-301F-11D3-BF4B-00C04F79EFBC}") = "WpfApp", "WpfApp\WpfApp.csproj", "{66DF8DA7-EFBB-4FC3-AA4F-BF6DF9C027F0}"
EndProject
Global
	GlobalSection(SolutionConfigurationPlatforms) = preSolution
		Debug|Any CPU = Debug|Any CPU
		Release|Any CPU = Release|Any CPU
	EndGlobalSection
	GlobalSection(ProjectConfigurationPlatforms) = postSolution
		{66DF8DA7-EFBB-4FC3-AA4F-BF6DF9C027F0}.Debug|Any CPU.ActiveCfg = Debug|Any CPU
		{66DF8DA7-EFBB-4FC3-AA4F-BF6DF9C027F0}.Debug|Any CPU.Build.0 = Debug|Any CPU
		{66DF8DA7-EFBB-4FC3-AA4F-BF6DF9C027F0}.Release|Any CPU.ActiveCfg = Release|Any CPU
		{66DF8DA7-EFBB-4FC3-AA4F-BF6DF9C027F0}.Release|Any CPU.Build.0 = Release|Any CPU
	EndGlobalSection
	GlobalSection(SolutionProperties) = preSolution
		HideSolutionNode = FALSE
	EndGlobalSection
	GlobalSection(ExtensibilityGlobals) = postSolution
		SolutionGuid = {4A6C95A5-338E-4942-9FE8-89D6319AB44C}
	EndGlobalSection
EndGlobal
