
Microsoft Visual Studio Solution File, Format Version 12.00
# Visual Studio Version 16
VisualStudioVersion = 16.0.29911.84
MinimumVisualStudioVersion = 10.0.40219.1
Project("{FAE04EC0-301F-11D3-BF4B-00C04F79EFBC}") = "WpfApp", "WpfApp.csproj", "{22058931-5F58-4C9B-9A9E-98BC01F78550}"
EndProject
Global
	GlobalSection(SolutionConfigurationPlatforms) = preSolution
		Debug|Any CPU = Debug|Any CPU
		Release|Any CPU = Release|Any CPU
	EndGlobalSection
	GlobalSection(ProjectConfigurationPlatforms) = postSolution
		{22058931-5F58-4C9B-9A9E-98BC01F78550}.Debug|Any CPU.ActiveCfg = Debug|Any CPU
		{22058931-5F58-4C9B-9A9E-98BC01F78550}.Debug|Any CPU.Build.0 = Debug|Any CPU
		{22058931-5F58-4C9B-9A9E-98BC01F78550}.Release|Any CPU.ActiveCfg = Release|Any CPU
		{22058931-5F58-4C9B-9A9E-98BC01F78550}.Release|Any CPU.Build.0 = Release|Any CPU
	EndGlobalSection
	GlobalSection(SolutionProperties) = preSolution
		HideSolutionNode = FALSE
	EndGlobalSection
	GlobalSection(ExtensibilityGlobals) = postSolution
		SolutionGuid = {8039CCE3-16B9-4546-A3E6-ED9D59653BC5}
	EndGlobalSection
EndGlobal
