
Microsoft Visual Studio Solution File, Format Version 12.00
# Visual Studio Version 16
VisualStudioVersion = 16.0.29911.84
MinimumVisualStudioVersion = 10.0.40219.1
Project("{FAE04EC0-301F-11D3-BF4B-00C04F79EFBC}") = "MapDemo.UI", "MapDemo.UI\MapDemo.UI.csproj", "{5041074B-15D9-4512-AFDF-1697E2A1FA71}"
EndProject
Project("{FAE04EC0-301F-11D3-BF4B-00C04F79EFBC}") = "MapDemo.DataAccess", "MapDemo.DataAccess\MapDemo.DataAccess.csproj", "{187AA630-389A-4316-9D86-5C5CD9EC1009}"
EndProject
Project("{FAE04EC0-301F-11D3-BF4B-00C04F79EFBC}") = "MapDemo.Model", "MapDemo.Model\MapDemo.Model.csproj", "{2D47CAB6-2F5B-4C4A-9167-799D1F624FCC}"
EndProject
Global
	GlobalSection(SolutionConfigurationPlatforms) = preSolution
		Debug|Any CPU = Debug|Any CPU
		Release|Any CPU = Release|Any CPU
	EndGlobalSection
	GlobalSection(ProjectConfigurationPlatforms) = postSolution
		{5041074B-15D9-4512-AFDF-1697E2A1FA71}.Debug|Any CPU.ActiveCfg = Debug|Any CPU
		{5041074B-15D9-4512-AFDF-1697E2A1FA71}.Debug|Any CPU.Build.0 = Debug|Any CPU
		{5041074B-15D9-4512-AFDF-1697E2A1FA71}.Release|Any CPU.ActiveCfg = Release|Any CPU
		{5041074B-15D9-4512-AFDF-1697E2A1FA71}.Release|Any CPU.Build.0 = Release|Any CPU
		{187AA630-389A-4316-9D86-5C5CD9EC1009}.Debug|Any CPU.ActiveCfg = Debug|Any CPU
		{187AA630-389A-4316-9D86-5C5CD9EC1009}.Debug|Any CPU.Build.0 = Debug|Any CPU
		{187AA630-389A-4316-9D86-5C5CD9EC1009}.Release|Any CPU.ActiveCfg = Release|Any CPU
		{187AA630-389A-4316-9D86-5C5CD9EC1009}.Release|Any CPU.Build.0 = Release|Any CPU
		{2D47CAB6-2F5B-4C4A-9167-799D1F624FCC}.Debug|Any CPU.ActiveCfg = Debug|Any CPU
		{2D47CAB6-2F5B-4C4A-9167-799D1F624FCC}.Debug|Any CPU.Build.0 = Debug|Any CPU
		{2D47CAB6-2F5B-4C4A-9167-799D1F624FCC}.Release|Any CPU.ActiveCfg = Release|Any CPU
		{2D47CAB6-2F5B-4C4A-9167-799D1F624FCC}.Release|Any CPU.Build.0 = Release|Any CPU
	EndGlobalSection
	GlobalSection(SolutionProperties) = preSolution
		HideSolutionNode = FALSE
	EndGlobalSection
	GlobalSection(ExtensibilityGlobals) = postSolution
		SolutionGuid = {92E70303-184C-4963-845C-458950A695DC}
	EndGlobalSection
EndGlobal
