
Microsoft Visual Studio Solution File, Format Version 12.00
# Visual Studio Version 16
VisualStudioVersion = 16.0.29911.84
MinimumVisualStudioVersion = 10.0.40219.1
Project("{FAE04EC0-301F-11D3-BF4B-00C04F79EFBC}") = "Lab7", "Lab7.csproj", "{CD5381A5-9AE8-4A2E-BA1D-158A2A88438C}"
EndProject
Global
	GlobalSection(SolutionConfigurationPlatforms) = preSolution
		Debug|Any CPU = Debug|Any CPU
		Release|Any CPU = Release|Any CPU
	EndGlobalSection
	GlobalSection(ProjectConfigurationPlatforms) = postSolution
		{CD5381A5-9AE8-4A2E-BA1D-158A2A88438C}.Debug|Any CPU.ActiveCfg = Debug|Any CPU
		{CD5381A5-9AE8-4A2E-BA1D-158A2A88438C}.Debug|Any CPU.Build.0 = Debug|Any CPU
		{CD5381A5-9AE8-4A2E-BA1D-158A2A88438C}.Release|Any CPU.ActiveCfg = Release|Any CPU
		{CD5381A5-9AE8-4A2E-BA1D-158A2A88438C}.Release|Any CPU.Build.0 = Release|Any CPU
	EndGlobalSection
	GlobalSection(SolutionProperties) = preSolution
		HideSolutionNode = FALSE
	EndGlobalSection
	GlobalSection(ExtensibilityGlobals) = postSolution
		SolutionGuid = {8C6B9DA7-6344-4956-9189-412F518C0654}
	EndGlobalSection
EndGlobal
